# This file was autogenerated by Stack.
# You should not edit this file by hand.
# For more information, please see the documentation at:
#   https://docs.haskellstack.org/en/stable/lock_files

packages:
- completed:
    subdir: hasktorch
    name: hasktorch
    version: 0.2.0.0
    git: https://github.com/hasktorch/hasktorch.git
    pantry-tree:
      size: 8241
      sha256: 0ff57f593cce5c56e63128b445875176574d8b2508e62730c12fe1160b278b2f
    commit: 5f97cd3fa1647092de85e4675aebdc3da1967098
  original:
    subdir: hasktorch
    git: https://github.com/hasktorch/hasktorch.git
    commit: 5f97cd3fa1647092de85e4675aebdc3da1967098
- completed:
    subdir: libtorch-ffi
    name: libtorch-ffi
    version: 1.9.0.0
    git: https://github.com/hasktorch/hasktorch.git
    pantry-tree:
      size: 9504
      sha256: e0ba8d7cd4faa3d7d6e9c619713d603ac108bca407e778a9e20cdd9be8c6f440
    commit: 5f97cd3fa1647092de85e4675aebdc3da1967098
  original:
    subdir: libtorch-ffi
    git: https://github.com/hasktorch/hasktorch.git
    commit: 5f97cd3fa1647092de85e4675aebdc3da1967098
- completed:
    subdir: libtorch-ffi-helper
    name: libtorch-ffi-helper
    version: 1.9.0.0
    git: https://github.com/hasktorch/hasktorch.git
    pantry-tree:
      size: 214
      sha256: 5f0865063d03d0076d20f30e73bb1377c306097cac7164d1c371ac4b20f8b4bd
    commit: 5f97cd3fa1647092de85e4675aebdc3da1967098
  original:
    subdir: libtorch-ffi-helper
    git: https://github.com/hasktorch/hasktorch.git
    commit: 5f97cd3fa1647092de85e4675aebdc3da1967098
- completed:
    name: mlflow-hs
    version: 0.1.0.0
    git: https://github.com/AugustUnderground/mlflow-hs.git
    pantry-tree:
      size: 1533
      sha256: d465324400ada6a76d0e0761d95a084f837339a70c9764329acce53090d57f4e
    commit: 55c529fe25ddea7ffd391b04651050862d3a4596
  original:
    git: https://github.com/AugustUnderground/mlflow-hs.git
    commit: 55c529fe25ddea7ffd391b04651050862d3a4596
- completed:
    hackage: ihaskell-hvega-0.3.2.0@sha256:57b749f3c14b224af6f9484b2cd531299dd740477aa6e6f300f19a8c291b5fac,1182
    pantry-tree:
      size: 430
      sha256: 852f8648d13485bf4c1f56316fa90bddd2047a57ec6cfb0f4ef5b01fa5e6907a
  original:
    hackage: ihaskell-hvega-0.3.2.0@sha256:57b749f3c14b224af6f9484b2cd531299dd740477aa6e6f300f19a8c291b5fac,1182
snapshots:
- completed:
    size: 587113
    url: https://raw.githubusercontent.com/commercialhaskell/stackage-snapshots/master/lts/18/6.yaml
    sha256: f74c482d7c93739ecf3abfbc0f2dea1c20a2dfb2462c689846ed55a9653b66f7
  original: lts-18.6
